{
  "version": 4,
  "terraform_version": "1.1.9",
  "serial": 4,
  "lineage": "d5a6e3e2-b1e6-e1c7-6662-9f1e363aabe9",
  "outputs": {},
  "resources": [
    {
      "mode": "managed",
      "type": "aws_vpc",
      "name": "main",
      "provider": "provider[\"registry.terraform.io/hashicorp/aws\"]",
      "instances": [
        {
          "schema_version": 1,
          "attributes": {
            "arn": "arn:aws:ec2:us-east-1:347295874498:vpc/vpc-0bb809e8c41f058db",
            "assign_generated_ipv6_cidr_block": false,
            "cidr_block": "10.0.0.0/24",
            "default_network_acl_id": "acl-0fa668f3c807181f6",
            "default_route_table_id": "rtb-0bab3bbb7a0929865",
            "default_security_group_id": "sg-089e0f797d2461171",
            "dhcp_options_id": "dopt-0ab7adc7302e4b3ff",
            "enable_classiclink": false,
            "enable_classiclink_dns_support": false,
            "enable_dns_hostnames": false,
            "enable_dns_support": true,
            "id": "vpc-0bb809e8c41f058db",
            "instance_tenancy": "default",
            "ipv4_ipam_pool_id": null,
            "ipv4_netmask_length": null,
            "ipv6_association_id": "",
            "ipv6_cidr_block": "",
            "ipv6_cidr_block_network_border_group": "",
            "ipv6_ipam_pool_id": "",
            "ipv6_netmask_length": 0,
            "main_route_table_id": "rtb-0bab3bbb7a0929865",
            "owner_id": "347295874498",
            "tags": {
              "Location": "Bangalore",
              "Name": "vpc-terraform"
            },
            "tags_all": {
              "Location": "Bangalore",
              "Name": "vpc-terraform"
            }
          },
          "sensitive_attributes": [],
          "private": "eyJzY2hlbWFfdmVyc2lvbiI6IjEifQ=="
        }
      ]
    },
    {
      "mode": "managed",
      "type": "aws_vpc",
      "name": "manual",
      "provider": "provider[\"registry.terraform.io/hashicorp/aws\"]",
      "instances": [
        {
          "schema_version": 1,
          "attributes": {
            "arn": "arn:aws:ec2:us-east-1:347295874498:vpc/vpc-00402f2cf017b7415",
            "assign_generated_ipv6_cidr_block": false,
            "cidr_block": "172.16.0.0/16",
            "default_network_acl_id": "acl-078895fb2a934e13a",
            "default_route_table_id": "rtb-0305618dce6f98470",
            "default_security_group_id": "sg-08b186d2b1d8e6ea1",
            "dhcp_options_id": "dopt-0ab7adc7302e4b3ff",
            "enable_classiclink": false,
            "enable_classiclink_dns_support": false,
            "enable_dns_hostnames": false,
            "enable_dns_support": true,
            "id": "vpc-00402f2cf017b7415",
            "instance_tenancy": "default",
            "ipv4_ipam_pool_id": null,
            "ipv4_netmask_length": null,
            "ipv6_association_id": "",
            "ipv6_cidr_block": "",
            "ipv6_cidr_block_network_border_group": "",
            "ipv6_ipam_pool_id": "",
            "ipv6_netmask_length": 0,
            "main_route_table_id": "rtb-0305618dce6f98470",
            "owner_id": "347295874498",
            "tags": {
              "Name": "vpc-manual"
            },
            "tags_all": {
              "Name": "vpc-manual"
            }
          },
          "sensitive_attributes": [],
          "private": "eyJzY2hlbWFfdmVyc2lvbiI6IjEifQ=="
        }
      ]
    }
  ]
}
